{
  "name": "my-application",
  "version": "1.0.0",
  "lockfileVersion": 2,
  "requires": true,
  "packages": {
    "": {
      "name": "my-application",
      "version": "1.0.0",
      "license": "ISC",
      "dependencies": {
        "react": "^1.0.0"
      }
    },
    "node_modules/react": {
      "version": "1.0.0",
      "resolved": "http://localhost:4873/react/-/react-1.0.0.tgz",
      "integrity": "sha512-0UU5Q96uXKYiX6z9kfMLMvXaSIv63VXvJgMdCHoVKM+pKBh1LPazbjxoZ9biNlQ3D93eawCawWpL2Y9HtLn9HA==",
      "license": "ISC"
    }
  },
  "dependencies": {
    "react": {
      "version": "1.0.0",
      "resolved": "http://localhost:4873/react/-/react-1.0.0.tgz",
      "integrity": "sha512-0UU5Q96uXKYiX6z9kfMLMvXaSIv63VXvJgMdCHoVKM+pKBh1LPazbjxoZ9biNlQ3D93eawCawWpL2Y9HtLn9HA=="
    }
  }
}
